dependencies:
- name: support-agent
  repository: file://../agent-helm-charts/support-agent
  version: 1.0.0
- name: omegamon-insights-agent
  repository: file://../agent-helm-charts/omegamon-insight-agent-z
  version: 1.0.0
- name: upgrade-agent
  repository: file://../agent-helm-charts/upgrade-agent
  version: 1.0.0
- name: workload-scheduler-agent-z
  repository: file://../agent-helm-charts/workload-scheduler-agent-z
  version: 1.0.0
- name: automation-insights-agent
  repository: file://../agent-helm-charts/automation-insight-agent
  version: 1.0.0
- name: intellimagic-agent
  repository: file://../agent-helm-charts/intellimagic-agent
  version: 1.1.0
- name: db2z-agent
  repository: file://../agent-helm-charts/db2z-agent
  version: 0.1.0
- name: ibm-operations-agent-z
  repository: file://../agent-helm-charts/ibm-operations-agent-z
  version: 1.1.1
- name: ibm-operations-agent-z-spyre
  repository: file://../agent-helm-charts/ibm-operations-agent-z-spyre
  version: 1.1.1
- name: taz-functional-testing-agent
  repository: file://../agent-helm-charts/taz-functional-testing-agent
  version: 0.1.0
- name: ims-agent
  repository: file://../agent-helm-charts/ims-agent
  version: 1.0.1
- name: cics-agent
  repository: file://../agent-helm-charts/cics-agent
  version: 1.0.0
digest: sha256:36559af5dc0661425cb98b7d2e8b04873155401fbc9fdbda2e4eed6836dc9db3
generated: "2025-12-10T21:39:26.466493-05:00"
