dependencies:
- name: support-agent
  repository: file://../agent-helm-charts/support-agent
  version: 1.0.0
- name: omegamon-insights-agent
  repository: file://../agent-helm-charts/omegamon-insight-agent-z
  version: 1.0.0
- name: upgrade-agent
  repository: file://../agent-helm-charts/upgrade-agent
  version: 1.0.0
- name: workload-scheduler-agent-z
  repository: file://../agent-helm-charts/workload-scheduler-agent-z
  version: 1.0.0
- name: automation-insights-agent
  repository: file://../agent-helm-charts/automation-insight-agent
  version: 1.0.0
- name: intellimagic-agent
  repository: file://../agent-helm-charts/intellimagic-agent
  version: 1.1.1
- name: db2z-agent
  repository: file://../agent-helm-charts/db2z-agent
  version: 0.1.0
- name: ibm-operations-agent-z
  repository: file://../agent-helm-charts/ibm-operations-agent-z
  version: 1.1.1
- name: ibm-operations-agent-z-spyre
  repository: file://../agent-helm-charts/ibm-operations-agent-z-spyre
  version: 1.1.1
- name: taz-functional-testing-agent
  repository: file://../agent-helm-charts/taz-functional-testing-agent
  version: 0.1.0
- name: ims-agent
  repository: file://../agent-helm-charts/ims-agent
  version: 1.0.1
- name: cics-agent
  repository: file://../agent-helm-charts/cics-agent
  version: 1.0.0
digest: sha256:7ae010bbe2cf2c988cfc28161680a36474c4438fe038a82f5a462794ede82536
generated: "2025-12-11T15:12:25.418+05:30"
