dependencies:
- name: support-agent
  repository: file://../agent-helm-charts/support-agent
  version: 1.0.0
- name: omegamon-insights-agent
  repository: file://../agent-helm-charts/omegamon-insight-agent-z
  version: 1.0.0
- name: upgrade-agent
  repository: file://../agent-helm-charts/upgrade-agent
  version: 1.0.0
- name: workload-scheduler-agent-z
  repository: file://../agent-helm-charts/workload-scheduler-agent-z
  version: 1.0.0
- name: automation-insights-agent
  repository: file://../agent-helm-charts/automation-insight-agent
  version: 1.0.0
digest: sha256:e69a8803d7c47a49906a81220e17525fa5f2f8c4972c223716d4fa09898b3e6d
generated: "2025-09-20T18:28:19.786671+05:30"
